
Microsoft Visual Studio Solution File, Format Version 12.00
# Visual Studio Version 16
VisualStudioVersion = 16.0.29209.152
MinimumVisualStudioVersion = 10.0.40219.1
Project("{9A19103F-16F7-4668-BE54-9A1E7A4F7556}") = "SplitPayments", "SplitPayments\SplitPayments.csproj", "{DE74127D-C53F-4BC1-9AC8-26C639020290}"
EndProject
Project("{FAE04EC0-301F-11D3-BF4B-00C04F79EFBC}") = "SplitPayments.UnitTests", "..\tests\SplitPayments.UnitTests\SplitPayments.UnitTests.csproj", "{8D3AC763-D245-4FF7-935D-065340CB17BF}"
EndProject
Global
	GlobalSection(SolutionConfigurationPlatforms) = preSolution
		Debug|Any CPU = Debug|Any CPU
		Release|Any CPU = Release|Any CPU
	EndGlobalSection
	GlobalSection(ProjectConfigurationPlatforms) = postSolution
		{DE74127D-C53F-4BC1-9AC8-26C639020290}.Debug|Any CPU.ActiveCfg = Debug|Any CPU
		{DE74127D-C53F-4BC1-9AC8-26C639020290}.Debug|Any CPU.Build.0 = Debug|Any CPU
		{DE74127D-C53F-4BC1-9AC8-26C639020290}.Release|Any CPU.ActiveCfg = Release|Any CPU
		{DE74127D-C53F-4BC1-9AC8-26C639020290}.Release|Any CPU.Build.0 = Release|Any CPU
		{8D3AC763-D245-4FF7-935D-065340CB17BF}.Debug|Any CPU.ActiveCfg = Debug|Any CPU
		{8D3AC763-D245-4FF7-935D-065340CB17BF}.Debug|Any CPU.Build.0 = Debug|Any CPU
		{8D3AC763-D245-4FF7-935D-065340CB17BF}.Release|Any CPU.ActiveCfg = Release|Any CPU
		{8D3AC763-D245-4FF7-935D-065340CB17BF}.Release|Any CPU.Build.0 = Release|Any CPU
	EndGlobalSection
	GlobalSection(SolutionProperties) = preSolution
		HideSolutionNode = FALSE
	EndGlobalSection
	GlobalSection(ExtensibilityGlobals) = postSolution
		SolutionGuid = {37E03BA6-A47C-4B32-B7FA-1BFE5272DA8B}
	EndGlobalSection
EndGlobal
